
Microsoft Visual Studio Solution File, Format Version 12.00
# Visual Studio 15
VisualStudioVersion = 15.0.28307.421
MinimumVisualStudioVersion = 10.0.40219.1
Project("{8BC9CEB8-8B4A-11D0-8D11-00A0C91BC942}") = "ChinesePoler", "ChinesePoler.vcxproj", "{214820B0-A175-45B1-A89E-2D6E1F3FB2CC}"
EndProject
Global
	GlobalSection(SolutionConfigurationPlatforms) = preSolution
		Debug|x64 = Debug|x64
		Debug|x86 = Debug|x86
		Release|x64 = Release|x64
		Release|x86 = Release|x86
	EndGlobalSection
	GlobalSection(ProjectConfigurationPlatforms) = postSolution
		{214820B0-A175-45B1-A89E-2D6E1F3FB2CC}.Debug|x64.ActiveCfg = Debug|x64
		{214820B0-A175-45B1-A89E-2D6E1F3FB2CC}.Debug|x64.Build.0 = Debug|x64
		{214820B0-A175-45B1-A89E-2D6E1F3FB2CC}.Debug|x86.ActiveCfg = Debug|Win32
		{214820B0-A175-45B1-A89E-2D6E1F3FB2CC}.Debug|x86.Build.0 = Debug|Win32
		{214820B0-A175-45B1-A89E-2D6E1F3FB2CC}.Release|x64.ActiveCfg = Release|x64
		{214820B0-A175-45B1-A89E-2D6E1F3FB2CC}.Release|x64.Build.0 = Release|x64
		{214820B0-A175-45B1-A89E-2D6E1F3FB2CC}.Release|x86.ActiveCfg = Release|Win32
		{214820B0-A175-45B1-A89E-2D6E1F3FB2CC}.Release|x86.Build.0 = Release|Win32
	EndGlobalSection
	GlobalSection(SolutionProperties) = preSolution
		HideSolutionNode = FALSE
	EndGlobalSection
	GlobalSection(ExtensibilityGlobals) = postSolution
		SolutionGuid = {7949B24E-B038-43F9-BDB6-D3BFCA8FCB77}
	EndGlobalSection
EndGlobal
